
Microsoft Visual Studio Solution File, Format Version 12.00
# Visual Studio Express 2013 for Windows Desktop
VisualStudioVersion = 12.0.21005.1
MinimumVisualStudioVersion = 10.0.40219.1
Project("{FAE04EC0-301F-11D3-BF4B-00C04F79EFBC}") = "NumberstoWords", "NumberstoWords\NumberstoWords.csproj", "{041983A0-A56F-493F-A151-B0DC52B09211}"
EndProject
Project("{FAE04EC0-301F-11D3-BF4B-00C04F79EFBC}") = "TestingDigitstoWords", "TestingDigitstoWords\TestingDigitstoWords.csproj", "{9EE7A574-DBAF-4609-A68E-F12D688D2217}"
EndProject
Project("{FAE04EC0-301F-11D3-BF4B-00C04F79EFBC}") = "VSTestDigitstoWords", "VSTestDigitstoWords\VSTestDigitstoWords.csproj", "{0379DCEB-1C3E-4B89-AD16-365917834571}"
EndProject
Global
	GlobalSection(SolutionConfigurationPlatforms) = preSolution
		Debug|Any CPU = Debug|Any CPU
		Release|Any CPU = Release|Any CPU
	EndGlobalSection
	GlobalSection(ProjectConfigurationPlatforms) = postSolution
		{041983A0-A56F-493F-A151-B0DC52B09211}.Debug|Any CPU.ActiveCfg = Debug|Any CPU
		{041983A0-A56F-493F-A151-B0DC52B09211}.Debug|Any CPU.Build.0 = Debug|Any CPU
		{041983A0-A56F-493F-A151-B0DC52B09211}.Release|Any CPU.ActiveCfg = Release|Any CPU
		{041983A0-A56F-493F-A151-B0DC52B09211}.Release|Any CPU.Build.0 = Release|Any CPU
		{9EE7A574-DBAF-4609-A68E-F12D688D2217}.Debug|Any CPU.ActiveCfg = Debug|Any CPU
		{9EE7A574-DBAF-4609-A68E-F12D688D2217}.Debug|Any CPU.Build.0 = Debug|Any CPU
		{9EE7A574-DBAF-4609-A68E-F12D688D2217}.Release|Any CPU.ActiveCfg = Release|Any CPU
		{9EE7A574-DBAF-4609-A68E-F12D688D2217}.Release|Any CPU.Build.0 = Release|Any CPU
		{0379DCEB-1C3E-4B89-AD16-365917834571}.Debug|Any CPU.ActiveCfg = Debug|Any CPU
		{0379DCEB-1C3E-4B89-AD16-365917834571}.Debug|Any CPU.Build.0 = Debug|Any CPU
		{0379DCEB-1C3E-4B89-AD16-365917834571}.Release|Any CPU.ActiveCfg = Release|Any CPU
		{0379DCEB-1C3E-4B89-AD16-365917834571}.Release|Any CPU.Build.0 = Release|Any CPU
	EndGlobalSection
	GlobalSection(SolutionProperties) = preSolution
		HideSolutionNode = FALSE
	EndGlobalSection
EndGlobal
